
Microsoft Visual Studio Solution File, Format Version 12.00
# Visual Studio Version 17
VisualStudioVersion = 17.2.32526.322
MinimumVisualStudioVersion = 10.0.40219.1
Project("{FAE04EC0-301F-11D3-BF4B-00C04F79EFBC}") = "apitienda", "apitienda\apitienda.csproj", "{72035FD4-E92C-4AB4-B06F-63A982CB1FE8}"
EndProject
Global
	GlobalSection(SolutionConfigurationPlatforms) = preSolution
		Debug|Any CPU = Debug|Any CPU
		Release|Any CPU = Release|Any CPU
	EndGlobalSection
	GlobalSection(ProjectConfigurationPlatforms) = postSolution
		{72035FD4-E92C-4AB4-B06F-63A982CB1FE8}.Debug|Any CPU.ActiveCfg = Debug|Any CPU
		{72035FD4-E92C-4AB4-B06F-63A982CB1FE8}.Debug|Any CPU.Build.0 = Debug|Any CPU
		{72035FD4-E92C-4AB4-B06F-63A982CB1FE8}.Release|Any CPU.ActiveCfg = Release|Any CPU
		{72035FD4-E92C-4AB4-B06F-63A982CB1FE8}.Release|Any CPU.Build.0 = Release|Any CPU
	EndGlobalSection
	GlobalSection(SolutionProperties) = preSolution
		HideSolutionNode = FALSE
	EndGlobalSection
	GlobalSection(ExtensibilityGlobals) = postSolution
		SolutionGuid = {EE5D5A14-9DBC-4A20-A6CF-8F36D762F675}
	EndGlobalSection
EndGlobal
